{
  "name": "listener-b",
  "version": "1.0.0",
  "lockfileVersion": 3,
  "requires": true,
  "packages": {
    "": {
      "name": "listener-b",
      "version": "1.0.0",
      "license": "ISC",
      "dependencies": {
        "amqplib": "^0.10.4",
        "ramda": "^0.29.1"
      }
    },
    "node_modules/@acuminous/bitsyntax": {
      "version": "0.1.2",
      "license": "MIT",
      "dependencies": {
        "buffer-more-ints": "~1.0.0",
        "debug": "^4.3.4",
        "safe-buffer": "~5.1.2"
      },
      "engines": {
        "node": ">=0.8"
      }
    },
    "node_modules/amqplib": {
      "version": "0.10.4",
      "license": "MIT",
      "dependencies": {
        "@acuminous/bitsyntax": "^0.1.2",
        "buffer-more-ints": "~1.0.0",
        "readable-stream": "1.x >=1.1.9",
        "url-parse": "~1.5.10"
      },
      "engines": {
        "node": ">=10"
      }
    },
    "node_modules/buffer-more-ints": {
      "version": "1.0.0",
      "license": "MIT"
    },
    "node_modules/core-util-is": {
      "version": "1.0.3",
      "license": "MIT"
    },
    "node_modules/debug": {
      "version": "4.3.4",
      "license": "MIT",
      "dependencies": {
        "ms": "2.1.2"
      },
      "engines": {
        "node": ">=6.0"
      },
      "peerDependenciesMeta": {
        "supports-color": {
          "optional": true
        }
      }
    },
    "node_modules/inherits": {
      "version": "2.0.4",
      "license": "ISC"
    },
    "node_modules/isarray": {
      "version": "0.0.1",
      "license": "MIT"
    },
    "node_modules/ms": {
      "version": "2.1.2",
      "license": "MIT"
    },
    "node_modules/querystringify": {
      "version": "2.2.0",
      "license": "MIT"
    },
    "node_modules/ramda": {
      "version": "0.29.1",
      "license": "MIT",
      "funding": {
        "type": "opencollective",
        "url": "https://opencollective.com/ramda"
      }
    },
    "node_modules/readable-stream": {
      "version": "1.1.14",
      "license": "MIT",
      "dependencies": {
        "core-util-is": "~1.0.0",
        "inherits": "~2.0.1",
        "isarray": "0.0.1",
        "string_decoder": "~0.10.x"
      }
    },
    "node_modules/requires-port": {
      "version": "1.0.0",
      "license": "MIT"
    },
    "node_modules/safe-buffer": {
      "version": "5.1.2",
      "license": "MIT"
    },
    "node_modules/string_decoder": {
      "version": "0.10.31",
      "license": "MIT"
    },
    "node_modules/url-parse": {
      "version": "1.5.10",
      "license": "MIT",
      "dependencies": {
        "querystringify": "^2.1.1",
        "requires-port": "^1.0.0"
      }
    }
  }
}
